// !$*UTF8*$!
{
	archiveVersion = 1;
	classes = {
	};
	objectVersion = 52;
	objects = {

/* Begin PBXBuildFile section */
		EC0DCD4025C35C68006CCEBF /* LocalizedStrings.swift in Sources */ = {isa = PBXBuildFile; fileRef = EC0DCD3F25C35C68006CCEBF /* LocalizedStrings.swift */; };
		EC0DCD4425C35D11006CCEBF /* UIKitPlus in Frameworks */ = {isa = PBXBuildFile; productRef = EC0DCD4325C35D11006CCEBF /* UIKitPlus */; };
		EC0DCD4F25C35F33006CCEBF /* UserListView.swift in Sources */ = {isa = PBXBuildFile; fileRef = EC0DCD4A25C35F33006CCEBF /* UserListView.swift */; };
		EC0DCD5025C35F33006CCEBF /* NavigationBarView.swift in Sources */ = {isa = PBXBuildFile; fileRef = EC0DCD4B25C35F33006CCEBF /* NavigationBarView.swift */; };
		EC0DCD5125C35F33006CCEBF /* UserCollectionView.swift in Sources */ = {isa = PBXBuildFile; fileRef = EC0DCD4C25C35F33006CCEBF /* UserCollectionView.swift */; };
		EC0DCD5225C35F33006CCEBF /* MessageOpponentView.swift in Sources */ = {isa = PBXBuildFile; fileRef = EC0DCD4D25C35F33006CCEBF /* MessageOpponentView.swift */; };
		EC0DCD5325C35F33006CCEBF /* MessageMyView.swift in Sources */ = {isa = PBXBuildFile; fileRef = EC0DCD4E25C35F33006CCEBF /* MessageMyView.swift */; };
		EC0DCD5825C35F49006CCEBF /* Message.swift in Sources */ = {isa = PBXBuildFile; fileRef = EC0DCD5625C35F49006CCEBF /* Message.swift */; };
		EC0DCD5925C35F49006CCEBF /* User.swift in Sources */ = {isa = PBXBuildFile; fileRef = EC0DCD5725C35F49006CCEBF /* User.swift */; };
		EC0DCD6025C35F70006CCEBF /* DiffableCollectionViewController.swift in Sources */ = {isa = PBXBuildFile; fileRef = EC0DCD5B25C35F6F006CCEBF /* DiffableCollectionViewController.swift */; };
		EC0DCD6325C35F70006CCEBF /* MapViewController.swift in Sources */ = {isa = PBXBuildFile; fileRef = EC0DCD5E25C35F70006CCEBF /* MapViewController.swift */; };
		EC0DCD6425C35F70006CCEBF /* ChatViewController.swift in Sources */ = {isa = PBXBuildFile; fileRef = EC0DCD5F25C35F70006CCEBF /* ChatViewController.swift */; };
		EC0DCD6925C3604F006CCEBF /* DiffableListViewController.swift in Sources */ = {isa = PBXBuildFile; fileRef = EC0DCD5D25C35F70006CCEBF /* DiffableListViewController.swift */; };
		EC0DCD6C25C3606C006CCEBF /* NavigationViewController.swift in Sources */ = {isa = PBXBuildFile; fileRef = EC0DCD6B25C3606C006CCEBF /* NavigationViewController.swift */; };
		EC987DF425C356170010675D /* Foundation.framework in Frameworks */ = {isa = PBXBuildFile; fileRef = EC987DF325C356170010675D /* Foundation.framework */; };
		EC987DF625C356170010675D /* UIKit.framework in Frameworks */ = {isa = PBXBuildFile; fileRef = EC987DF525C356170010675D /* UIKit.framework */; };
		EC987DFA25C356170010675D /* Buttons.swift in Sources */ = {isa = PBXBuildFile; fileRef = EC987DF925C356170010675D /* Buttons.swift */; };
		EC987DFC25C356170010675D /* Colors.swift in Sources */ = {isa = PBXBuildFile; fileRef = EC987DFB25C356170010675D /* Colors.swift */; };
		EC987DFE25C356170010675D /* Fonts.swift in Sources */ = {isa = PBXBuildFile; fileRef = EC987DFD25C356170010675D /* Fonts.swift */; };
		EC987E0025C356170010675D /* Images.swift in Sources */ = {isa = PBXBuildFile; fileRef = EC987DFF25C356170010675D /* Images.swift */; };
		EC987E0725C356170010675D /* MainViewController.swift in Sources */ = {isa = PBXBuildFile; fileRef = EC987E0625C356170010675D /* MainViewController.swift */; };
		EC987E0925C356170010675D /* App.swift in Sources */ = {isa = PBXBuildFile; fileRef = EC987E0825C356170010675D /* App.swift */; };
		EC987E0B25C356180010675D /* Assets.xcassets in Resources */ = {isa = PBXBuildFile; fileRef = EC987E0A25C356180010675D /* Assets.xcassets */; };
		EC987E0E25C356180010675D /* LaunchScreen.storyboard in Resources */ = {isa = PBXBuildFile; fileRef = EC987E0C25C356180010675D /* LaunchScreen.storyboard */; };
/* End PBXBuildFile section */

/* Begin PBXFileReference section */
		EC0DCD3F25C35C68006CCEBF /* LocalizedStrings.swift */ = {isa = PBXFileReference; lastKnownFileType = sourcecode.swift; path = LocalizedStrings.swift; sourceTree = "<group>"; };
		EC0DCD4625C35DD0006CCEBF /* UIKitPlusExample.entitlements */ = {isa = PBXFileReference; lastKnownFileType = text.plist.entitlements; path = UIKitPlusExample.entitlements; sourceTree = "<group>"; };
		EC0DCD4A25C35F33006CCEBF /* UserListView.swift */ = {isa = PBXFileReference; fileEncoding = 4; lastKnownFileType = sourcecode.swift; path = UserListView.swift; sourceTree = "<group>"; };
		EC0DCD4B25C35F33006CCEBF /* NavigationBarView.swift */ = {isa = PBXFileReference; fileEncoding = 4; lastKnownFileType = sourcecode.swift; path = NavigationBarView.swift; sourceTree = "<group>"; };
		EC0DCD4C25C35F33006CCEBF /* UserCollectionView.swift */ = {isa = PBXFileReference; fileEncoding = 4; lastKnownFileType = sourcecode.swift; path = UserCollectionView.swift; sourceTree = "<group>"; };
		EC0DCD4D25C35F33006CCEBF /* MessageOpponentView.swift */ = {isa = PBXFileReference; fileEncoding = 4; lastKnownFileType = sourcecode.swift; path = MessageOpponentView.swift; sourceTree = "<group>"; };
		EC0DCD4E25C35F33006CCEBF /* MessageMyView.swift */ = {isa = PBXFileReference; fileEncoding = 4; lastKnownFileType = sourcecode.swift; path = MessageMyView.swift; sourceTree = "<group>"; };
		EC0DCD5625C35F49006CCEBF /* Message.swift */ = {isa = PBXFileReference; fileEncoding = 4; lastKnownFileType = sourcecode.swift; path = Message.swift; sourceTree = "<group>"; };
		EC0DCD5725C35F49006CCEBF /* User.swift */ = {isa = PBXFileReference; fileEncoding = 4; lastKnownFileType = sourcecode.swift; path = User.swift; sourceTree = "<group>"; };
		EC0DCD5B25C35F6F006CCEBF /* DiffableCollectionViewController.swift */ = {isa = PBXFileReference; fileEncoding = 4; lastKnownFileType = sourcecode.swift; path = DiffableCollectionViewController.swift; sourceTree = "<group>"; };
		EC0DCD5D25C35F70006CCEBF /* DiffableListViewController.swift */ = {isa = PBXFileReference; fileEncoding = 4; lastKnownFileType = sourcecode.swift; path = DiffableListViewController.swift; sourceTree = "<group>"; };
		EC0DCD5E25C35F70006CCEBF /* MapViewController.swift */ = {isa = PBXFileReference; fileEncoding = 4; lastKnownFileType = sourcecode.swift; path = MapViewController.swift; sourceTree = "<group>"; };
		EC0DCD5F25C35F70006CCEBF /* ChatViewController.swift */ = {isa = PBXFileReference; fileEncoding = 4; lastKnownFileType = sourcecode.swift; path = ChatViewController.swift; sourceTree = "<group>"; };
		EC0DCD6B25C3606C006CCEBF /* NavigationViewController.swift */ = {isa = PBXFileReference; fileEncoding = 4; lastKnownFileType = sourcecode.swift; path = NavigationViewController.swift; sourceTree = "<group>"; };
		EC987DF025C356170010675D /* UIKitPlusExample.app */ = {isa = PBXFileReference; explicitFileType = wrapper.application; includeInIndex = 0; path = UIKitPlusExample.app; sourceTree = BUILT_PRODUCTS_DIR; };
		EC987DF325C356170010675D /* Foundation.framework */ = {isa = PBXFileReference; lastKnownFileType = wrapper.framework; name = Foundation.framework; path = System/Library/Frameworks/Foundation.framework; sourceTree = SDKROOT; };
		EC987DF525C356170010675D /* UIKit.framework */ = {isa = PBXFileReference; lastKnownFileType = wrapper.framework; name = UIKit.framework; path = System/Library/Frameworks/UIKit.framework; sourceTree = SDKROOT; };
		EC987DF925C356170010675D /* Buttons.swift */ = {isa = PBXFileReference; lastKnownFileType = sourcecode.swift; path = Buttons.swift; sourceTree = "<group>"; };
		EC987DFB25C356170010675D /* Colors.swift */ = {isa = PBXFileReference; lastKnownFileType = sourcecode.swift; path = Colors.swift; sourceTree = "<group>"; };
		EC987DFD25C356170010675D /* Fonts.swift */ = {isa = PBXFileReference; lastKnownFileType = sourcecode.swift; path = Fonts.swift; sourceTree = "<group>"; };
		EC987DFF25C356170010675D /* Images.swift */ = {isa = PBXFileReference; lastKnownFileType = sourcecode.swift; path = Images.swift; sourceTree = "<group>"; };
		EC987E0625C356170010675D /* MainViewController.swift */ = {isa = PBXFileReference; lastKnownFileType = sourcecode.swift; path = MainViewController.swift; sourceTree = "<group>"; };
		EC987E0825C356170010675D /* App.swift */ = {isa = PBXFileReference; lastKnownFileType = sourcecode.swift; path = App.swift; sourceTree = "<group>"; };
		EC987E0A25C356180010675D /* Assets.xcassets */ = {isa = PBXFileReference; lastKnownFileType = folder.assetcatalog; path = Assets.xcassets; sourceTree = "<group>"; };
		EC987E0D25C356180010675D /* Base */ = {isa = PBXFileReference; lastKnownFileType = file.storyboard; name = Base; path = Base.lproj/LaunchScreen.storyboard; sourceTree = "<group>"; };
		EC987E0F25C356180010675D /* Info.plist */ = {isa = PBXFileReference; lastKnownFileType = text.plist.xml; path = Info.plist; sourceTree = "<group>"; };
/* End PBXFileReference section */

/* Begin PBXFrameworksBuildPhase section */
		EC987DED25C356170010675D /* Frameworks */ = {
			isa = PBXFrameworksBuildPhase;
			buildActionMask = 2147483647;
			files = (
				EC987DF425C356170010675D /* Foundation.framework in Frameworks */,
				EC987DF625C356170010675D /* UIKit.framework in Frameworks */,
				EC0DCD4425C35D11006CCEBF /* UIKitPlus in Frameworks */,
			);
			runOnlyForDeploymentPostprocessing = 0;
		};
/* End PBXFrameworksBuildPhase section */

/* Begin PBXGroup section */
		EC0DCD4925C35F27006CCEBF /* Views */ = {
			isa = PBXGroup;
			children = (
				EC0DCD4E25C35F33006CCEBF /* MessageMyView.swift */,
				EC0DCD4D25C35F33006CCEBF /* MessageOpponentView.swift */,
				EC0DCD4B25C35F33006CCEBF /* NavigationBarView.swift */,
				EC0DCD4C25C35F33006CCEBF /* UserCollectionView.swift */,
				EC0DCD4A25C35F33006CCEBF /* UserListView.swift */,
			);
			path = Views;
			sourceTree = "<group>";
		};
		EC0DCD5525C35F40006CCEBF /* Models */ = {
			isa = PBXGroup;
			children = (
				EC0DCD5625C35F49006CCEBF /* Message.swift */,
				EC0DCD5725C35F49006CCEBF /* User.swift */,
			);
			path = Models;
			sourceTree = "<group>";
		};
		EC987DE725C356170010675D = {
			isa = PBXGroup;
			children = (
				EC987DF725C356170010675D /* UIKitPlusExample */,
				EC987DF225C356170010675D /* Frameworks */,
				EC987DF125C356170010675D /* Products */,
			);
			sourceTree = "<group>";
		};
		EC987DF125C356170010675D /* Products */ = {
			isa = PBXGroup;
			children = (
				EC987DF025C356170010675D /* UIKitPlusExample.app */,
			);
			name = Products;
			sourceTree = "<group>";
		};
		EC987DF225C356170010675D /* Frameworks */ = {
			isa = PBXGroup;
			children = (
				EC987DF325C356170010675D /* Foundation.framework */,
				EC987DF525C356170010675D /* UIKit.framework */,
			);
			name = Frameworks;
			sourceTree = "<group>";
		};
		EC987DF725C356170010675D /* UIKitPlusExample */ = {
			isa = PBXGroup;
			children = (
				EC0DCD4625C35DD0006CCEBF /* UIKitPlusExample.entitlements */,
				EC987E0825C356170010675D /* App.swift */,
				EC0DCD3F25C35C68006CCEBF /* LocalizedStrings.swift */,
				EC987E0A25C356180010675D /* Assets.xcassets */,
				EC987E0C25C356180010675D /* LaunchScreen.storyboard */,
				EC987E0F25C356180010675D /* Info.plist */,
				EC987DF825C356170010675D /* Extensions */,
				EC0DCD5525C35F40006CCEBF /* Models */,
				EC0DCD4925C35F27006CCEBF /* Views */,
				EC987E0125C356170010675D /* ViewControllers */,
			);
			path = UIKitPlusExample;
			sourceTree = "<group>";
		};
		EC987DF825C356170010675D /* Extensions */ = {
			isa = PBXGroup;
			children = (
				EC987DF925C356170010675D /* Buttons.swift */,
				EC987DFB25C356170010675D /* Colors.swift */,
				EC987DFD25C356170010675D /* Fonts.swift */,
				EC987DFF25C356170010675D /* Images.swift */,
			);
			path = Extensions;
			sourceTree = "<group>";
		};
		EC987E0125C356170010675D /* ViewControllers */ = {
			isa = PBXGroup;
			children = (
				EC987E0625C356170010675D /* MainViewController.swift */,
				EC0DCD6B25C3606C006CCEBF /* NavigationViewController.swift */,
				EC0DCD5F25C35F70006CCEBF /* ChatViewController.swift */,
				EC0DCD5B25C35F6F006CCEBF /* DiffableCollectionViewController.swift */,
				EC0DCD5D25C35F70006CCEBF /* DiffableListViewController.swift */,
				EC0DCD5E25C35F70006CCEBF /* MapViewController.swift */,
			);
			path = ViewControllers;
			sourceTree = "<group>";
		};
/* End PBXGroup section */

/* Begin PBXNativeTarget section */
		EC987DEF25C356170010675D /* UIKitPlusExample */ = {
			isa = PBXNativeTarget;
			buildConfigurationList = EC987E1225C356180010675D /* Build configuration list for PBXNativeTarget "UIKitPlusExample" */;
			buildPhases = (
				EC987DEC25C356170010675D /* Sources */,
				EC987DED25C356170010675D /* Frameworks */,
				EC987DEE25C356170010675D /* Resources */,
			);
			buildRules = (
			);
			dependencies = (
			);
			name = UIKitPlusExample;
			packageProductDependencies = (
				EC0DCD4325C35D11006CCEBF /* UIKitPlus */,
			);
			productName = UIKitPlusExample;
			productReference = EC987DF025C356170010675D /* UIKitPlusExample.app */;
			productType = "com.apple.product-type.application";
		};
/* End PBXNativeTarget section */

/* Begin PBXProject section */
		EC987DE825C356170010675D /* Project object */ = {
			isa = PBXProject;
			attributes = {
				LastSwiftUpdateCheck = 1230;
				LastUpgradeCheck = 1230;
				ORGANIZATIONNAME = "Swift Stream";
				TargetAttributes = {
					EC987DEF25C356170010675D = {
						CreatedOnToolsVersion = 12.3;
					};
				};
			};
			buildConfigurationList = EC987DEB25C356170010675D /* Build configuration list for PBXProject "UIKitPlusExample" */;
			compatibilityVersion = "Xcode 9.3";
			developmentRegion = en;
			hasScannedForEncodings = 0;
			knownRegions = (
				en,
				Base,
			);
			mainGroup = EC987DE725C356170010675D;
			packageReferences = (
				EC0DCD4225C35D11006CCEBF /* XCRemoteSwiftPackageReference "UIKitPlus" */,
			);
			productRefGroup = EC987DF125C356170010675D /* Products */;
			projectDirPath = "";
			projectRoot = "";
			targets = (
				EC987DEF25C356170010675D /* UIKitPlusExample */,
			);
		};
/* End PBXProject section */

/* Begin PBXResourcesBuildPhase section */
		EC987DEE25C356170010675D /* Resources */ = {
			isa = PBXResourcesBuildPhase;
			buildActionMask = 2147483647;
			files = (
				EC987E0B25C356180010675D /* Assets.xcassets in Resources */,
				EC987E0E25C356180010675D /* LaunchScreen.storyboard in Resources */,
			);
			runOnlyForDeploymentPostprocessing = 0;
		};
/* End PBXResourcesBuildPhase section */

/* Begin PBXSourcesBuildPhase section */
		EC987DEC25C356170010675D /* Sources */ = {
			isa = PBXSourcesBuildPhase;
			buildActionMask = 2147483647;
			files = (
				EC987E0725C356170010675D /* MainViewController.swift in Sources */,
				EC0DCD4F25C35F33006CCEBF /* UserListView.swift in Sources */,
				EC0DCD6925C3604F006CCEBF /* DiffableListViewController.swift in Sources */,
				EC0DCD5025C35F33006CCEBF /* NavigationBarView.swift in Sources */,
				EC0DCD6325C35F70006CCEBF /* MapViewController.swift in Sources */,
				EC0DCD5225C35F33006CCEBF /* MessageOpponentView.swift in Sources */,
				EC0DCD5925C35F49006CCEBF /* User.swift in Sources */,
				EC0DCD5325C35F33006CCEBF /* MessageMyView.swift in Sources */,
				EC0DCD6C25C3606C006CCEBF /* NavigationViewController.swift in Sources */,
				EC987DFA25C356170010675D /* Buttons.swift in Sources */,
				EC0DCD6025C35F70006CCEBF /* DiffableCollectionViewController.swift in Sources */,
				EC0DCD6425C35F70006CCEBF /* ChatViewController.swift in Sources */,
				EC987E0025C356170010675D /* Images.swift in Sources */,
				EC987DFE25C356170010675D /* Fonts.swift in Sources */,
				EC987E0925C356170010675D /* App.swift in Sources */,
				EC987DFC25C356170010675D /* Colors.swift in Sources */,
				EC0DCD5125C35F33006CCEBF /* UserCollectionView.swift in Sources */,
				EC0DCD5825C35F49006CCEBF /* Message.swift in Sources */,
				EC0DCD4025C35C68006CCEBF /* LocalizedStrings.swift in Sources */,
			);
			runOnlyForDeploymentPostprocessing = 0;
		};
/* End PBXSourcesBuildPhase section */

/* Begin PBXVariantGroup section */
		EC987E0C25C356180010675D /* LaunchScreen.storyboard */ = {
			isa = PBXVariantGroup;
			children = (
				EC987E0D25C356180010675D /* Base */,
			);
			name = LaunchScreen.storyboard;
			sourceTree = "<group>";
		};
/* End PBXVariantGroup section */

/* Begin XCBuildConfiguration section */
		EC987E1025C356180010675D /* Debug */ = {
			isa = XCBuildConfiguration;
			buildSettings = {
				ALWAYS_SEARCH_USER_PATHS = NO;
				CLANG_ANALYZER_NONNULL = YES;
				CLANG_ANALYZER_NUMBER_OBJECT_CONVERSION = YES_AGGRESSIVE;
				CLANG_CXX_LANGUAGE_STANDARD = "gnu++14";
				CLANG_CXX_LIBRARY = "libc++";
				CLANG_ENABLE_MODULES = YES;
				CLANG_ENABLE_OBJC_ARC = YES;
				CLANG_ENABLE_OBJC_WEAK = YES;
				CLANG_WARN_BLOCK_CAPTURE_AUTORELEASING = YES;
				CLANG_WARN_BOOL_CONVERSION = YES;
				CLANG_WARN_COMMA = YES;
				CLANG_WARN_CONSTANT_CONVERSION = YES;
				CLANG_WARN_DEPRECATED_OBJC_IMPLEMENTATIONS = YES;
				CLANG_WARN_DIRECT_OBJC_ISA_USAGE = YES_ERROR;
				CLANG_WARN_DOCUMENTATION_COMMENTS = YES;
				CLANG_WARN_EMPTY_BODY = YES;
				CLANG_WARN_ENUM_CONVERSION = YES;
				CLANG_WARN_INFINITE_RECURSION = YES;
				CLANG_WARN_INT_CONVERSION = YES;
				CLANG_WARN_NON_LITERAL_NULL_CONVERSION = YES;
				CLANG_WARN_OBJC_IMPLICIT_RETAIN_SELF = YES;
				CLANG_WARN_OBJC_LITERAL_CONVERSION = YES;
				CLANG_WARN_OBJC_ROOT_CLASS = YES_ERROR;
				CLANG_WARN_RANGE_LOOP_ANALYSIS = YES;
				CLANG_WARN_STRICT_PROTOTYPES = YES;
				CLANG_WARN_SUSPICIOUS_MOVE = YES;
				CLANG_WARN_UNGUARDED_AVAILABILITY = YES_AGGRESSIVE;
				CLANG_WARN_UNREACHABLE_CODE = YES;
				CLANG_WARN__DUPLICATE_METHOD_MATCH = YES;
				COPY_PHASE_STRIP = NO;
				DEBUG_INFORMATION_FORMAT = dwarf;
				ENABLE_STRICT_OBJC_MSGSEND = YES;
				ENABLE_TESTABILITY = YES;
				GCC_C_LANGUAGE_STANDARD = gnu11;
				GCC_DYNAMIC_NO_PIC = NO;
				GCC_NO_COMMON_BLOCKS = YES;
				GCC_OPTIMIZATION_LEVEL = 0;
				GCC_PREPROCESSOR_DEFINITIONS = (
					"DEBUG=1",
					"$(inherited)",
				);
				GCC_WARN_64_TO_32_BIT_CONVERSION = YES;
				GCC_WARN_ABOUT_RETURN_TYPE = YES_ERROR;
				GCC_WARN_UNDECLARED_SELECTOR = YES;
				GCC_WARN_UNINITIALIZED_AUTOS = YES_AGGRESSIVE;
				GCC_WARN_UNUSED_FUNCTION = YES;
				GCC_WARN_UNUSED_VARIABLE = YES;
				MTL_ENABLE_DEBUG_INFO = INCLUDE_SOURCE;
				MTL_FAST_MATH = YES;
				ONLY_ACTIVE_ARCH = YES;
				SDKROOT = iphoneos;
				SWIFT_ACTIVE_COMPILATION_CONDITIONS = DEBUG;
				SWIFT_OPTIMIZATION_LEVEL = "-Onone";
				SWIFT_VERSION = 5.0.0;
			};
			name = Debug;
		};
		EC987E1125C356180010675D /* Release */ = {
			isa = XCBuildConfiguration;
			buildSettings = {
				ALWAYS_SEARCH_USER_PATHS = NO;
				CLANG_ANALYZER_NONNULL = YES;
				CLANG_ANALYZER_NUMBER_OBJECT_CONVERSION = YES_AGGRESSIVE;
				CLANG_CXX_LANGUAGE_STANDARD = "gnu++14";
				CLANG_CXX_LIBRARY = "libc++";
				CLANG_ENABLE_MODULES = YES;
				CLANG_ENABLE_OBJC_ARC = YES;
				CLANG_ENABLE_OBJC_WEAK = YES;
				CLANG_WARN_BLOCK_CAPTURE_AUTORELEASING = YES;
				CLANG_WARN_BOOL_CONVERSION = YES;
				CLANG_WARN_COMMA = YES;
				CLANG_WARN_CONSTANT_CONVERSION = YES;
				CLANG_WARN_DEPRECATED_OBJC_IMPLEMENTATIONS = YES;
				CLANG_WARN_DIRECT_OBJC_ISA_USAGE = YES_ERROR;
				CLANG_WARN_DOCUMENTATION_COMMENTS = YES;
				CLANG_WARN_EMPTY_BODY = YES;
				CLANG_WARN_ENUM_CONVERSION = YES;
				CLANG_WARN_INFINITE_RECURSION = YES;
				CLANG_WARN_INT_CONVERSION = YES;
				CLANG_WARN_NON_LITERAL_NULL_CONVERSION = YES;
				CLANG_WARN_OBJC_IMPLICIT_RETAIN_SELF = YES;
				CLANG_WARN_OBJC_LITERAL_CONVERSION = YES;
				CLANG_WARN_OBJC_ROOT_CLASS = YES_ERROR;
				CLANG_WARN_RANGE_LOOP_ANALYSIS = YES;
				CLANG_WARN_STRICT_PROTOTYPES = YES;
				CLANG_WARN_SUSPICIOUS_MOVE = YES;
				CLANG_WARN_UNGUARDED_AVAILABILITY = YES_AGGRESSIVE;
				CLANG_WARN_UNREACHABLE_CODE = YES;
				CLANG_WARN__DUPLICATE_METHOD_MATCH = YES;
				COPY_PHASE_STRIP = NO;
				DEBUG_INFORMATION_FORMAT = "dwarf-with-dsym";
				ENABLE_NS_ASSERTIONS = NO;
				ENABLE_STRICT_OBJC_MSGSEND = YES;
				GCC_C_LANGUAGE_STANDARD = gnu11;
				GCC_NO_COMMON_BLOCKS = YES;
				GCC_WARN_64_TO_32_BIT_CONVERSION = YES;
				GCC_WARN_ABOUT_RETURN_TYPE = YES_ERROR;
				GCC_WARN_UNDECLARED_SELECTOR = YES;
				GCC_WARN_UNINITIALIZED_AUTOS = YES_AGGRESSIVE;
				GCC_WARN_UNUSED_FUNCTION = YES;
				GCC_WARN_UNUSED_VARIABLE = YES;
				MTL_ENABLE_DEBUG_INFO = NO;
				MTL_FAST_MATH = YES;
				SDKROOT = iphoneos;
				SWIFT_COMPILATION_MODE = wholemodule;
				SWIFT_VERSION = 5.0.0;
			};
			name = Release;
		};
		EC987E1325C356180010675D /* Debug */ = {
			isa = XCBuildConfiguration;
			buildSettings = {
				ASSETCATALOG_COMPILER_APPICON_NAME = AppIcon;
				CODE_SIGN_ENTITLEMENTS = UIKitPlusExample/UIKitPlusExample.entitlements;
				CODE_SIGN_STYLE = Automatic;
				INFOPLIST_FILE = UIKitPlusExample/Info.plist;
				IPHONEOS_DEPLOYMENT_TARGET = 9.3;
				LD_RUNPATH_SEARCH_PATHS = (
					"$(inherited)",
					"@executable_path/Frameworks",
				);
				OTHER_LDFLAGS = (
					"$(inherited)",
					"-weak_framework",
					SwiftUI,
				);
				PRODUCT_BUNDLE_IDENTIFIER = stream.swift.UIKitPlusExample;
				PRODUCT_NAME = "$(TARGET_NAME)";
				SDKROOT = iphoneos;
				SUPPORTS_MACCATALYST = YES;
				TARGETED_DEVICE_FAMILY = "1,2";
			};
			name = Debug;
		};
		EC987E1425C356180010675D /* Release */ = {
			isa = XCBuildConfiguration;
			buildSettings = {
				ASSETCATALOG_COMPILER_APPICON_NAME = AppIcon;
				CODE_SIGN_ENTITLEMENTS = UIKitPlusExample/UIKitPlusExample.entitlements;
				CODE_SIGN_STYLE = Automatic;
				INFOPLIST_FILE = UIKitPlusExample/Info.plist;
				IPHONEOS_DEPLOYMENT_TARGET = 9.3;
				LD_RUNPATH_SEARCH_PATHS = (
					"$(inherited)",
					"@executable_path/Frameworks",
				);
				OTHER_LDFLAGS = (
					"$(inherited)",
					"-weak_framework",
					SwiftUI,
				);
				PRODUCT_BUNDLE_IDENTIFIER = stream.swift.UIKitPlusExample;
				PRODUCT_NAME = "$(TARGET_NAME)";
				SDKROOT = iphoneos;
				SUPPORTS_MACCATALYST = YES;
				TARGETED_DEVICE_FAMILY = "1,2";
				VALIDATE_PRODUCT = YES;
			};
			name = Release;
		};
/* End XCBuildConfiguration section */

/* Begin XCConfigurationList section */
		EC987DEB25C356170010675D /* Build configuration list for PBXProject "UIKitPlusExample" */ = {
			isa = XCConfigurationList;
			buildConfigurations = (
				EC987E1025C356180010675D /* Debug */,
				EC987E1125C356180010675D /* Release */,
			);
			defaultConfigurationIsVisible = 0;
			defaultConfigurationName = Release;
		};
		EC987E1225C356180010675D /* Build configuration list for PBXNativeTarget "UIKitPlusExample" */ = {
			isa = XCConfigurationList;
			buildConfigurations = (
				EC987E1325C356180010675D /* Debug */,
				EC987E1425C356180010675D /* Release */,
			);
			defaultConfigurationIsVisible = 0;
			defaultConfigurationName = Release;
		};
/* End XCConfigurationList section */

/* Begin XCRemoteSwiftPackageReference section */
		EC0DCD4225C35D11006CCEBF /* XCRemoteSwiftPackageReference "UIKitPlus" */ = {
			isa = XCRemoteSwiftPackageReference;
			repositoryURL = "https://github.com/MihaelIsaev/UIKitPlus";
			requirement = {
				kind = upToNextMajorVersion;
				minimumVersion = "2.0.0-alpha.1.0.0";
			};
		};
/* End XCRemoteSwiftPackageReference section */

/* Begin XCSwiftPackageProductDependency section */
		EC0DCD4325C35D11006CCEBF /* UIKitPlus */ = {
			isa = XCSwiftPackageProductDependency;
			package = EC0DCD4225C35D11006CCEBF /* XCRemoteSwiftPackageReference "UIKitPlus" */;
			productName = UIKitPlus;
		};
/* End XCSwiftPackageProductDependency section */
	};
	rootObject = EC987DE825C356170010675D /* Project object */;
}
