// !$*UTF8*$!
{
	archiveVersion = 1;
	classes = {
	};
	objectVersion = 52;
	objects = {

/* Begin PBXBuildFile section */
		2560A1F5236A9C8600A0A59F /* AppDelegate.swift in Sources */ = {isa = PBXBuildFile; fileRef = 2560A1F4236A9C8600A0A59F /* AppDelegate.swift */; };
		2560A1F7236A9C8600A0A59F /* SceneDelegate.swift in Sources */ = {isa = PBXBuildFile; fileRef = 2560A1F6236A9C8600A0A59F /* SceneDelegate.swift */; };
		2560A1F9236A9C8600A0A59F /* MainViewController.swift in Sources */ = {isa = PBXBuildFile; fileRef = 2560A1F8236A9C8600A0A59F /* MainViewController.swift */; };
		2560A1FE236A9C8900A0A59F /* Assets.xcassets in Resources */ = {isa = PBXBuildFile; fileRef = 2560A1FD236A9C8900A0A59F /* Assets.xcassets */; };
		2560A201236A9C8900A0A59F /* LaunchScreen.storyboard in Resources */ = {isa = PBXBuildFile; fileRef = 2560A1FF236A9C8900A0A59F /* LaunchScreen.storyboard */; };
		2560A20F236AA1F700A0A59F /* RootViewController.swift in Sources */ = {isa = PBXBuildFile; fileRef = 2560A20E236AA1F700A0A59F /* RootViewController.swift */; };
		2560A212236AA23A00A0A59F /* UIKitPlus in Frameworks */ = {isa = PBXBuildFile; productRef = 2560A211236AA23A00A0A59F /* UIKitPlus */; };
		2560A214236AAC4300A0A59F /* Live.swift in Sources */ = {isa = PBXBuildFile; fileRef = 2560A213236AAC4300A0A59F /* Live.swift */; };
		2560A217236AAD3200A0A59F /* Fonts.swift in Sources */ = {isa = PBXBuildFile; fileRef = 2560A216236AAD3200A0A59F /* Fonts.swift */; };
		2560A219236AAD9D00A0A59F /* Colors.swift in Sources */ = {isa = PBXBuildFile; fileRef = 2560A218236AAD9D00A0A59F /* Colors.swift */; };
		2560A21B236AAF7C00A0A59F /* Images.swift in Sources */ = {isa = PBXBuildFile; fileRef = 2560A21A236AAF7C00A0A59F /* Images.swift */; };
		2560A221236AB21A00A0A59F /* Buttons.swift in Sources */ = {isa = PBXBuildFile; fileRef = 2560A220236AB21A00A0A59F /* Buttons.swift */; };
		2560A223236AC4E400A0A59F /* DiffableListViewController.swift in Sources */ = {isa = PBXBuildFile; fileRef = 2560A222236AC4E400A0A59F /* DiffableListViewController.swift */; };
		2560A225236AC53A00A0A59F /* NavigationViewController.swift in Sources */ = {isa = PBXBuildFile; fileRef = 2560A224236AC53A00A0A59F /* NavigationViewController.swift */; };
		2560A228236AC5B800A0A59F /* NavigationBarView.swift in Sources */ = {isa = PBXBuildFile; fileRef = 2560A227236AC5B800A0A59F /* NavigationBarView.swift */; };
		2560A22A236AC96600A0A59F /* DiffableCollectionViewController.swift in Sources */ = {isa = PBXBuildFile; fileRef = 2560A229236AC96600A0A59F /* DiffableCollectionViewController.swift */; };
		2560A22C236AC9E500A0A59F /* User.swift in Sources */ = {isa = PBXBuildFile; fileRef = 2560A22B236AC9E500A0A59F /* User.swift */; };
		2560A22E236ACA9800A0A59F /* UserListView.swift in Sources */ = {isa = PBXBuildFile; fileRef = 2560A22D236ACA9800A0A59F /* UserListView.swift */; };
		2560A230236AD9CD00A0A59F /* UserCollectionView.swift in Sources */ = {isa = PBXBuildFile; fileRef = 2560A22F236AD9CD00A0A59F /* UserCollectionView.swift */; };
		2560A232236ADFC600A0A59F /* ChatViewController.swift in Sources */ = {isa = PBXBuildFile; fileRef = 2560A231236ADFC600A0A59F /* ChatViewController.swift */; };
		2560A234236ADFE000A0A59F /* Message.swift in Sources */ = {isa = PBXBuildFile; fileRef = 2560A233236ADFE000A0A59F /* Message.swift */; };
		2560A23C236AE0DF00A0A59F /* MessageMyView.swift in Sources */ = {isa = PBXBuildFile; fileRef = 2560A23B236AE0DF00A0A59F /* MessageMyView.swift */; };
		2560A23E236AE0EC00A0A59F /* MessageOpponentView.swift in Sources */ = {isa = PBXBuildFile; fileRef = 2560A23D236AE0EC00A0A59F /* MessageOpponentView.swift */; };
/* End PBXBuildFile section */

/* Begin PBXFileReference section */
		2560A1F1236A9C8600A0A59F /* UIKitPlusExample.app */ = {isa = PBXFileReference; explicitFileType = wrapper.application; includeInIndex = 0; path = UIKitPlusExample.app; sourceTree = BUILT_PRODUCTS_DIR; };
		2560A1F4236A9C8600A0A59F /* AppDelegate.swift */ = {isa = PBXFileReference; lastKnownFileType = sourcecode.swift; path = AppDelegate.swift; sourceTree = "<group>"; };
		2560A1F6236A9C8600A0A59F /* SceneDelegate.swift */ = {isa = PBXFileReference; lastKnownFileType = sourcecode.swift; path = SceneDelegate.swift; sourceTree = "<group>"; };
		2560A1F8236A9C8600A0A59F /* MainViewController.swift */ = {isa = PBXFileReference; lastKnownFileType = sourcecode.swift; path = MainViewController.swift; sourceTree = "<group>"; };
		2560A1FD236A9C8900A0A59F /* Assets.xcassets */ = {isa = PBXFileReference; lastKnownFileType = folder.assetcatalog; path = Assets.xcassets; sourceTree = "<group>"; };
		2560A200236A9C8900A0A59F /* Base */ = {isa = PBXFileReference; lastKnownFileType = file.storyboard; name = Base; path = Base.lproj/LaunchScreen.storyboard; sourceTree = "<group>"; };
		2560A202236A9C8900A0A59F /* Info.plist */ = {isa = PBXFileReference; lastKnownFileType = text.plist.xml; path = Info.plist; sourceTree = "<group>"; };
		2560A20E236AA1F700A0A59F /* RootViewController.swift */ = {isa = PBXFileReference; lastKnownFileType = sourcecode.swift; path = RootViewController.swift; sourceTree = "<group>"; };
		2560A213236AAC4300A0A59F /* Live.swift */ = {isa = PBXFileReference; lastKnownFileType = sourcecode.swift; path = Live.swift; sourceTree = "<group>"; };
		2560A216236AAD3200A0A59F /* Fonts.swift */ = {isa = PBXFileReference; lastKnownFileType = sourcecode.swift; path = Fonts.swift; sourceTree = "<group>"; };
		2560A218236AAD9D00A0A59F /* Colors.swift */ = {isa = PBXFileReference; lastKnownFileType = sourcecode.swift; path = Colors.swift; sourceTree = "<group>"; };
		2560A21A236AAF7C00A0A59F /* Images.swift */ = {isa = PBXFileReference; lastKnownFileType = sourcecode.swift; path = Images.swift; sourceTree = "<group>"; };
		2560A220236AB21A00A0A59F /* Buttons.swift */ = {isa = PBXFileReference; lastKnownFileType = sourcecode.swift; path = Buttons.swift; sourceTree = "<group>"; };
		2560A222236AC4E400A0A59F /* DiffableListViewController.swift */ = {isa = PBXFileReference; lastKnownFileType = sourcecode.swift; path = DiffableListViewController.swift; sourceTree = "<group>"; };
		2560A224236AC53A00A0A59F /* NavigationViewController.swift */ = {isa = PBXFileReference; lastKnownFileType = sourcecode.swift; path = NavigationViewController.swift; sourceTree = "<group>"; };
		2560A227236AC5B800A0A59F /* NavigationBarView.swift */ = {isa = PBXFileReference; lastKnownFileType = sourcecode.swift; path = NavigationBarView.swift; sourceTree = "<group>"; };
		2560A229236AC96600A0A59F /* DiffableCollectionViewController.swift */ = {isa = PBXFileReference; lastKnownFileType = sourcecode.swift; path = DiffableCollectionViewController.swift; sourceTree = "<group>"; };
		2560A22B236AC9E500A0A59F /* User.swift */ = {isa = PBXFileReference; lastKnownFileType = sourcecode.swift; path = User.swift; sourceTree = "<group>"; };
		2560A22D236ACA9800A0A59F /* UserListView.swift */ = {isa = PBXFileReference; lastKnownFileType = sourcecode.swift; path = UserListView.swift; sourceTree = "<group>"; };
		2560A22F236AD9CD00A0A59F /* UserCollectionView.swift */ = {isa = PBXFileReference; lastKnownFileType = sourcecode.swift; path = UserCollectionView.swift; sourceTree = "<group>"; };
		2560A231236ADFC600A0A59F /* ChatViewController.swift */ = {isa = PBXFileReference; lastKnownFileType = sourcecode.swift; path = ChatViewController.swift; sourceTree = "<group>"; };
		2560A233236ADFE000A0A59F /* Message.swift */ = {isa = PBXFileReference; lastKnownFileType = sourcecode.swift; path = Message.swift; sourceTree = "<group>"; };
		2560A23B236AE0DF00A0A59F /* MessageMyView.swift */ = {isa = PBXFileReference; lastKnownFileType = sourcecode.swift; path = MessageMyView.swift; sourceTree = "<group>"; };
		2560A23D236AE0EC00A0A59F /* MessageOpponentView.swift */ = {isa = PBXFileReference; lastKnownFileType = sourcecode.swift; path = MessageOpponentView.swift; sourceTree = "<group>"; };
/* End PBXFileReference section */

/* Begin PBXFrameworksBuildPhase section */
		2560A1EE236A9C8600A0A59F /* Frameworks */ = {
			isa = PBXFrameworksBuildPhase;
			buildActionMask = 2147483647;
			files = (
				2560A212236AA23A00A0A59F /* UIKitPlus in Frameworks */,
			);
			runOnlyForDeploymentPostprocessing = 0;
		};
/* End PBXFrameworksBuildPhase section */

/* Begin PBXGroup section */
		2560A1E8236A9C8600A0A59F = {
			isa = PBXGroup;
			children = (
				2560A1F3236A9C8600A0A59F /* UIKitPlusExample */,
				2560A1F2236A9C8600A0A59F /* Products */,
			);
			sourceTree = "<group>";
		};
		2560A1F2236A9C8600A0A59F /* Products */ = {
			isa = PBXGroup;
			children = (
				2560A1F1236A9C8600A0A59F /* UIKitPlusExample.app */,
			);
			name = Products;
			sourceTree = "<group>";
		};
		2560A1F3236A9C8600A0A59F /* UIKitPlusExample */ = {
			isa = PBXGroup;
			children = (
				2560A213236AAC4300A0A59F /* Live.swift */,
				2560A1F4236A9C8600A0A59F /* AppDelegate.swift */,
				2560A1F6236A9C8600A0A59F /* SceneDelegate.swift */,
				2560A20E236AA1F700A0A59F /* RootViewController.swift */,
				2560A1F8236A9C8600A0A59F /* MainViewController.swift */,
				2560A224236AC53A00A0A59F /* NavigationViewController.swift */,
				2560A222236AC4E400A0A59F /* DiffableListViewController.swift */,
				2560A229236AC96600A0A59F /* DiffableCollectionViewController.swift */,
				2560A231236ADFC600A0A59F /* ChatViewController.swift */,
				2560A226236AC5B000A0A59F /* Views */,
				2560A215236AACF700A0A59F /* Extensions */,
				2560A21D236AB12400A0A59F /* Models */,
				2560A1FD236A9C8900A0A59F /* Assets.xcassets */,
				2560A1FF236A9C8900A0A59F /* LaunchScreen.storyboard */,
				2560A202236A9C8900A0A59F /* Info.plist */,
			);
			path = UIKitPlusExample;
			sourceTree = "<group>";
		};
		2560A215236AACF700A0A59F /* Extensions */ = {
			isa = PBXGroup;
			children = (
				2560A216236AAD3200A0A59F /* Fonts.swift */,
				2560A218236AAD9D00A0A59F /* Colors.swift */,
				2560A21A236AAF7C00A0A59F /* Images.swift */,
				2560A220236AB21A00A0A59F /* Buttons.swift */,
			);
			path = Extensions;
			sourceTree = "<group>";
		};
		2560A21D236AB12400A0A59F /* Models */ = {
			isa = PBXGroup;
			children = (
				2560A22B236AC9E500A0A59F /* User.swift */,
				2560A233236ADFE000A0A59F /* Message.swift */,
			);
			path = Models;
			sourceTree = "<group>";
		};
		2560A226236AC5B000A0A59F /* Views */ = {
			isa = PBXGroup;
			children = (
				2560A227236AC5B800A0A59F /* NavigationBarView.swift */,
				2560A22D236ACA9800A0A59F /* UserListView.swift */,
				2560A22F236AD9CD00A0A59F /* UserCollectionView.swift */,
				2560A23B236AE0DF00A0A59F /* MessageMyView.swift */,
				2560A23D236AE0EC00A0A59F /* MessageOpponentView.swift */,
			);
			path = Views;
			sourceTree = "<group>";
		};
/* End PBXGroup section */

/* Begin PBXNativeTarget section */
		2560A1F0236A9C8600A0A59F /* UIKitPlusExample */ = {
			isa = PBXNativeTarget;
			buildConfigurationList = 2560A205236A9C8900A0A59F /* Build configuration list for PBXNativeTarget "UIKitPlusExample" */;
			buildPhases = (
				2560A1ED236A9C8600A0A59F /* Sources */,
				2560A1EE236A9C8600A0A59F /* Frameworks */,
				2560A1EF236A9C8600A0A59F /* Resources */,
			);
			buildRules = (
			);
			dependencies = (
			);
			name = UIKitPlusExample;
			packageProductDependencies = (
				2560A211236AA23A00A0A59F /* UIKitPlus */,
			);
			productName = UIKitPlusExample;
			productReference = 2560A1F1236A9C8600A0A59F /* UIKitPlusExample.app */;
			productType = "com.apple.product-type.application";
		};
/* End PBXNativeTarget section */

/* Begin PBXProject section */
		2560A1E9236A9C8600A0A59F /* Project object */ = {
			isa = PBXProject;
			attributes = {
				LastSwiftUpdateCheck = 1110;
				LastUpgradeCheck = 1110;
				ORGANIZATIONNAME = "Mihael Isaev";
				TargetAttributes = {
					2560A1F0236A9C8600A0A59F = {
						CreatedOnToolsVersion = 11.1;
					};
				};
			};
			buildConfigurationList = 2560A1EC236A9C8600A0A59F /* Build configuration list for PBXProject "UIKitPlusExample" */;
			compatibilityVersion = "Xcode 9.3";
			developmentRegion = en;
			hasScannedForEncodings = 0;
			knownRegions = (
				en,
				Base,
			);
			mainGroup = 2560A1E8236A9C8600A0A59F;
			packageReferences = (
				2560A210236AA23A00A0A59F /* XCRemoteSwiftPackageReference "UIKitPlus" */,
			);
			productRefGroup = 2560A1F2236A9C8600A0A59F /* Products */;
			projectDirPath = "";
			projectRoot = "";
			targets = (
				2560A1F0236A9C8600A0A59F /* UIKitPlusExample */,
			);
		};
/* End PBXProject section */

/* Begin PBXResourcesBuildPhase section */
		2560A1EF236A9C8600A0A59F /* Resources */ = {
			isa = PBXResourcesBuildPhase;
			buildActionMask = 2147483647;
			files = (
				2560A201236A9C8900A0A59F /* LaunchScreen.storyboard in Resources */,
				2560A1FE236A9C8900A0A59F /* Assets.xcassets in Resources */,
			);
			runOnlyForDeploymentPostprocessing = 0;
		};
/* End PBXResourcesBuildPhase section */

/* Begin PBXSourcesBuildPhase section */
		2560A1ED236A9C8600A0A59F /* Sources */ = {
			isa = PBXSourcesBuildPhase;
			buildActionMask = 2147483647;
			files = (
				2560A221236AB21A00A0A59F /* Buttons.swift in Sources */,
				2560A22E236ACA9800A0A59F /* UserListView.swift in Sources */,
				2560A225236AC53A00A0A59F /* NavigationViewController.swift in Sources */,
				2560A234236ADFE000A0A59F /* Message.swift in Sources */,
				2560A22A236AC96600A0A59F /* DiffableCollectionViewController.swift in Sources */,
				2560A228236AC5B800A0A59F /* NavigationBarView.swift in Sources */,
				2560A223236AC4E400A0A59F /* DiffableListViewController.swift in Sources */,
				2560A1F9236A9C8600A0A59F /* MainViewController.swift in Sources */,
				2560A22C236AC9E500A0A59F /* User.swift in Sources */,
				2560A1F5236A9C8600A0A59F /* AppDelegate.swift in Sources */,
				2560A23E236AE0EC00A0A59F /* MessageOpponentView.swift in Sources */,
				2560A230236AD9CD00A0A59F /* UserCollectionView.swift in Sources */,
				2560A20F236AA1F700A0A59F /* RootViewController.swift in Sources */,
				2560A232236ADFC600A0A59F /* ChatViewController.swift in Sources */,
				2560A219236AAD9D00A0A59F /* Colors.swift in Sources */,
				2560A214236AAC4300A0A59F /* Live.swift in Sources */,
				2560A23C236AE0DF00A0A59F /* MessageMyView.swift in Sources */,
				2560A21B236AAF7C00A0A59F /* Images.swift in Sources */,
				2560A217236AAD3200A0A59F /* Fonts.swift in Sources */,
				2560A1F7236A9C8600A0A59F /* SceneDelegate.swift in Sources */,
			);
			runOnlyForDeploymentPostprocessing = 0;
		};
/* End PBXSourcesBuildPhase section */

/* Begin PBXVariantGroup section */
		2560A1FF236A9C8900A0A59F /* LaunchScreen.storyboard */ = {
			isa = PBXVariantGroup;
			children = (
				2560A200236A9C8900A0A59F /* Base */,
			);
			name = LaunchScreen.storyboard;
			sourceTree = "<group>";
		};
/* End PBXVariantGroup section */

/* Begin XCBuildConfiguration section */
		2560A203236A9C8900A0A59F /* Debug */ = {
			isa = XCBuildConfiguration;
			buildSettings = {
				ALWAYS_SEARCH_USER_PATHS = NO;
				CLANG_ANALYZER_NONNULL = YES;
				CLANG_ANALYZER_NUMBER_OBJECT_CONVERSION = YES_AGGRESSIVE;
				CLANG_CXX_LANGUAGE_STANDARD = "gnu++14";
				CLANG_CXX_LIBRARY = "libc++";
				CLANG_ENABLE_MODULES = YES;
				CLANG_ENABLE_OBJC_ARC = YES;
				CLANG_ENABLE_OBJC_WEAK = YES;
				CLANG_WARN_BLOCK_CAPTURE_AUTORELEASING = YES;
				CLANG_WARN_BOOL_CONVERSION = YES;
				CLANG_WARN_COMMA = YES;
				CLANG_WARN_CONSTANT_CONVERSION = YES;
				CLANG_WARN_DEPRECATED_OBJC_IMPLEMENTATIONS = YES;
				CLANG_WARN_DIRECT_OBJC_ISA_USAGE = YES_ERROR;
				CLANG_WARN_DOCUMENTATION_COMMENTS = YES;
				CLANG_WARN_EMPTY_BODY = YES;
				CLANG_WARN_ENUM_CONVERSION = YES;
				CLANG_WARN_INFINITE_RECURSION = YES;
				CLANG_WARN_INT_CONVERSION = YES;
				CLANG_WARN_NON_LITERAL_NULL_CONVERSION = YES;
				CLANG_WARN_OBJC_IMPLICIT_RETAIN_SELF = YES;
				CLANG_WARN_OBJC_LITERAL_CONVERSION = YES;
				CLANG_WARN_OBJC_ROOT_CLASS = YES_ERROR;
				CLANG_WARN_RANGE_LOOP_ANALYSIS = YES;
				CLANG_WARN_STRICT_PROTOTYPES = YES;
				CLANG_WARN_SUSPICIOUS_MOVE = YES;
				CLANG_WARN_UNGUARDED_AVAILABILITY = YES_AGGRESSIVE;
				CLANG_WARN_UNREACHABLE_CODE = YES;
				CLANG_WARN__DUPLICATE_METHOD_MATCH = YES;
				COPY_PHASE_STRIP = NO;
				DEBUG_INFORMATION_FORMAT = dwarf;
				ENABLE_STRICT_OBJC_MSGSEND = YES;
				ENABLE_TESTABILITY = YES;
				GCC_C_LANGUAGE_STANDARD = gnu11;
				GCC_DYNAMIC_NO_PIC = NO;
				GCC_NO_COMMON_BLOCKS = YES;
				GCC_OPTIMIZATION_LEVEL = 0;
				GCC_PREPROCESSOR_DEFINITIONS = (
					"DEBUG=1",
					"$(inherited)",
				);
				GCC_WARN_64_TO_32_BIT_CONVERSION = YES;
				GCC_WARN_ABOUT_RETURN_TYPE = YES_ERROR;
				GCC_WARN_UNDECLARED_SELECTOR = YES;
				GCC_WARN_UNINITIALIZED_AUTOS = YES_AGGRESSIVE;
				GCC_WARN_UNUSED_FUNCTION = YES;
				GCC_WARN_UNUSED_VARIABLE = YES;
				IPHONEOS_DEPLOYMENT_TARGET = 13.1;
				MTL_ENABLE_DEBUG_INFO = INCLUDE_SOURCE;
				MTL_FAST_MATH = YES;
				ONLY_ACTIVE_ARCH = YES;
				SDKROOT = iphoneos;
				SWIFT_ACTIVE_COMPILATION_CONDITIONS = DEBUG;
				SWIFT_OPTIMIZATION_LEVEL = "-Onone";
			};
			name = Debug;
		};
		2560A204236A9C8900A0A59F /* Release */ = {
			isa = XCBuildConfiguration;
			buildSettings = {
				ALWAYS_SEARCH_USER_PATHS = NO;
				CLANG_ANALYZER_NONNULL = YES;
				CLANG_ANALYZER_NUMBER_OBJECT_CONVERSION = YES_AGGRESSIVE;
				CLANG_CXX_LANGUAGE_STANDARD = "gnu++14";
				CLANG_CXX_LIBRARY = "libc++";
				CLANG_ENABLE_MODULES = YES;
				CLANG_ENABLE_OBJC_ARC = YES;
				CLANG_ENABLE_OBJC_WEAK = YES;
				CLANG_WARN_BLOCK_CAPTURE_AUTORELEASING = YES;
				CLANG_WARN_BOOL_CONVERSION = YES;
				CLANG_WARN_COMMA = YES;
				CLANG_WARN_CONSTANT_CONVERSION = YES;
				CLANG_WARN_DEPRECATED_OBJC_IMPLEMENTATIONS = YES;
				CLANG_WARN_DIRECT_OBJC_ISA_USAGE = YES_ERROR;
				CLANG_WARN_DOCUMENTATION_COMMENTS = YES;
				CLANG_WARN_EMPTY_BODY = YES;
				CLANG_WARN_ENUM_CONVERSION = YES;
				CLANG_WARN_INFINITE_RECURSION = YES;
				CLANG_WARN_INT_CONVERSION = YES;
				CLANG_WARN_NON_LITERAL_NULL_CONVERSION = YES;
				CLANG_WARN_OBJC_IMPLICIT_RETAIN_SELF = YES;
				CLANG_WARN_OBJC_LITERAL_CONVERSION = YES;
				CLANG_WARN_OBJC_ROOT_CLASS = YES_ERROR;
				CLANG_WARN_RANGE_LOOP_ANALYSIS = YES;
				CLANG_WARN_STRICT_PROTOTYPES = YES;
				CLANG_WARN_SUSPICIOUS_MOVE = YES;
				CLANG_WARN_UNGUARDED_AVAILABILITY = YES_AGGRESSIVE;
				CLANG_WARN_UNREACHABLE_CODE = YES;
				CLANG_WARN__DUPLICATE_METHOD_MATCH = YES;
				COPY_PHASE_STRIP = NO;
				DEBUG_INFORMATION_FORMAT = "dwarf-with-dsym";
				ENABLE_NS_ASSERTIONS = NO;
				ENABLE_STRICT_OBJC_MSGSEND = YES;
				GCC_C_LANGUAGE_STANDARD = gnu11;
				GCC_NO_COMMON_BLOCKS = YES;
				GCC_WARN_64_TO_32_BIT_CONVERSION = YES;
				GCC_WARN_ABOUT_RETURN_TYPE = YES_ERROR;
				GCC_WARN_UNDECLARED_SELECTOR = YES;
				GCC_WARN_UNINITIALIZED_AUTOS = YES_AGGRESSIVE;
				GCC_WARN_UNUSED_FUNCTION = YES;
				GCC_WARN_UNUSED_VARIABLE = YES;
				IPHONEOS_DEPLOYMENT_TARGET = 13.1;
				MTL_ENABLE_DEBUG_INFO = NO;
				MTL_FAST_MATH = YES;
				SDKROOT = iphoneos;
				SWIFT_COMPILATION_MODE = wholemodule;
				SWIFT_OPTIMIZATION_LEVEL = "-O";
				VALIDATE_PRODUCT = YES;
			};
			name = Release;
		};
		2560A206236A9C8900A0A59F /* Debug */ = {
			isa = XCBuildConfiguration;
			buildSettings = {
				ASSETCATALOG_COMPILER_APPICON_NAME = AppIcon;
				CODE_SIGN_STYLE = Automatic;
				INFOPLIST_FILE = UIKitPlusExample/Info.plist;
				LD_RUNPATH_SEARCH_PATHS = (
					"$(inherited)",
					"@executable_path/Frameworks",
				);
				PRODUCT_BUNDLE_IDENTIFIER = com.mihaelisaev.UIKitPlusExample;
				PRODUCT_NAME = "$(TARGET_NAME)";
				SWIFT_VERSION = 5.0;
				TARGETED_DEVICE_FAMILY = "1,2";
			};
			name = Debug;
		};
		2560A207236A9C8900A0A59F /* Release */ = {
			isa = XCBuildConfiguration;
			buildSettings = {
				ASSETCATALOG_COMPILER_APPICON_NAME = AppIcon;
				CODE_SIGN_STYLE = Automatic;
				INFOPLIST_FILE = UIKitPlusExample/Info.plist;
				LD_RUNPATH_SEARCH_PATHS = (
					"$(inherited)",
					"@executable_path/Frameworks",
				);
				PRODUCT_BUNDLE_IDENTIFIER = com.mihaelisaev.UIKitPlusExample;
				PRODUCT_NAME = "$(TARGET_NAME)";
				SWIFT_VERSION = 5.0;
				TARGETED_DEVICE_FAMILY = "1,2";
			};
			name = Release;
		};
/* End XCBuildConfiguration section */

/* Begin XCConfigurationList section */
		2560A1EC236A9C8600A0A59F /* Build configuration list for PBXProject "UIKitPlusExample" */ = {
			isa = XCConfigurationList;
			buildConfigurations = (
				2560A203236A9C8900A0A59F /* Debug */,
				2560A204236A9C8900A0A59F /* Release */,
			);
			defaultConfigurationIsVisible = 0;
			defaultConfigurationName = Release;
		};
		2560A205236A9C8900A0A59F /* Build configuration list for PBXNativeTarget "UIKitPlusExample" */ = {
			isa = XCConfigurationList;
			buildConfigurations = (
				2560A206236A9C8900A0A59F /* Debug */,
				2560A207236A9C8900A0A59F /* Release */,
			);
			defaultConfigurationIsVisible = 0;
			defaultConfigurationName = Release;
		};
/* End XCConfigurationList section */

/* Begin XCRemoteSwiftPackageReference section */
		2560A210236AA23A00A0A59F /* XCRemoteSwiftPackageReference "UIKitPlus" */ = {
			isa = XCRemoteSwiftPackageReference;
			repositoryURL = "https://github.com/MihaelIsaev/UIKitPlus";
			requirement = {
				kind = upToNextMajorVersion;
				minimumVersion = 1.5.0;
			};
		};
/* End XCRemoteSwiftPackageReference section */

/* Begin XCSwiftPackageProductDependency section */
		2560A211236AA23A00A0A59F /* UIKitPlus */ = {
			isa = XCSwiftPackageProductDependency;
			package = 2560A210236AA23A00A0A59F /* XCRemoteSwiftPackageReference "UIKitPlus" */;
			productName = UIKitPlus;
		};
/* End XCSwiftPackageProductDependency section */
	};
	rootObject = 2560A1E9236A9C8600A0A59F /* Project object */;
}
